
Microsoft Visual Studio Solution File, Format Version 12.00
# Visual Studio Version 17
VisualStudioVersion = 17.6.33723.286
MinimumVisualStudioVersion = 10.0.40219.1
Project("{FAE04EC0-301F-11D3-BF4B-00C04F79EFBC}") = "BookAPI", "BooAPI\BookAPI.csproj", "{040108E8-CA61-40C1-A389-B721A9BA63C0}"
EndProject
Global
	GlobalSection(SolutionConfigurationPlatforms) = preSolution
		Debug|Any CPU = Debug|Any CPU
		Release|Any CPU = Release|Any CPU
	EndGlobalSection
	GlobalSection(ProjectConfigurationPlatforms) = postSolution
		{040108E8-CA61-40C1-A389-B721A9BA63C0}.Debug|Any CPU.ActiveCfg = Debug|Any CPU
		{040108E8-CA61-40C1-A389-B721A9BA63C0}.Debug|Any CPU.Build.0 = Debug|Any CPU
		{040108E8-CA61-40C1-A389-B721A9BA63C0}.Release|Any CPU.ActiveCfg = Release|Any CPU
		{040108E8-CA61-40C1-A389-B721A9BA63C0}.Release|Any CPU.Build.0 = Release|Any CPU
	EndGlobalSection
	GlobalSection(SolutionProperties) = preSolution
		HideSolutionNode = FALSE
	EndGlobalSection
	GlobalSection(ExtensibilityGlobals) = postSolution
		SolutionGuid = {6A9F393A-490B-46CE-983E-DD27D56D1910}
	EndGlobalSection
EndGlobal
